github.com/cavaliergopher/grab/v3 v3.0.1 h1:4z7TkBfmPjmLAAmkkAZNX/6QJ1nNFdv3SdIHXju0Fr4=
github.com/cavaliergopher/grab/v3 v3.0.1/go.mod h1:1U/KNnD+Ft6JJiYoYBAimKH2XrYptb8Kl3DFGmsjpq4=
github.com/mbndr/figlet4go v0.0.0-20190224160619-d6cef5b186ea h1:mQncVDBpKkAecPcH2IMGpKUQYhwowlafQbfkz2QFqkc=
github.com/mbndr/figlet4go v0.0.0-20190224160619-d6cef5b186ea/go.mod h1:QzTGLGoOqLHUBK8/EZ0v4Fa4CdyXmdyRwCHcl0YbeO4=
github.com/walle/targz v0.0.0-20140417120357-57fe4206da5a h1:6cKSHLRphD9Fo1LJlISiulvgYCIafJ3QfKLimPYcAGc=
github.com/walle/targz v0.0.0-20140417120357-57fe4206da5a/go.mod h1:nccQrXCnc5SjsThFLmL7hYbtT/mHJcuolPifzY5vJqE=
